
Microsoft Visual Studio Solution File, Format Version 12.00
# Visual Studio Version 17
VisualStudioVersion = 17.4.33110.190
MinimumVisualStudioVersion = 10.0.40219.1
Project("{9A19103F-16F7-4668-BE54-9A1E7A4F7556}") = "CPU8086", "CPU8086\CPU8086.csproj", "{73037A49-6E8B-4ED9-931F-68B4F79B04AB}"
EndProject
Project("{9A19103F-16F7-4668-BE54-9A1E7A4F7556}") = "CPU8086.Console", "CPU8086.Console\CPU8086.Console.csproj", "{58B3369A-9755-45B9-A1A1-95F1F0AB094F}"
EndProject
Project("{9A19103F-16F7-4668-BE54-9A1E7A4F7556}") = "CPU8086.Tests", "CPU8086.Tests\CPU8086.Tests.csproj", "{31916614-ED9D-41BC-A132-02849DAB71CC}"
EndProject
Project("{9A19103F-16F7-4668-BE54-9A1E7A4F7556}") = "CPU8086.Resources", "CPU8086.Resources\CPU8086.Resources.csproj", "{1469C69D-C15D-486E-8A64-7BE27FC2A891}"
EndProject
Project("{9A19103F-16F7-4668-BE54-9A1E7A4F7556}") = "InstructionTableParser", "InstructionTableParser\InstructionTableParser.csproj", "{5D935BD7-D1FA-4A41-86FF-0A97CB55B308}"
EndProject
Global
	GlobalSection(SolutionConfigurationPlatforms) = preSolution
		Debug|Any CPU = Debug|Any CPU
		Release|Any CPU = Release|Any CPU
	EndGlobalSection
	GlobalSection(ProjectConfigurationPlatforms) = postSolution
		{73037A49-6E8B-4ED9-931F-68B4F79B04AB}.Debug|Any CPU.ActiveCfg = Debug|Any CPU
		{73037A49-6E8B-4ED9-931F-68B4F79B04AB}.Debug|Any CPU.Build.0 = Debug|Any CPU
		{73037A49-6E8B-4ED9-931F-68B4F79B04AB}.Release|Any CPU.ActiveCfg = Release|Any CPU
		{73037A49-6E8B-4ED9-931F-68B4F79B04AB}.Release|Any CPU.Build.0 = Release|Any CPU
		{58B3369A-9755-45B9-A1A1-95F1F0AB094F}.Debug|Any CPU.ActiveCfg = Debug|Any CPU
		{58B3369A-9755-45B9-A1A1-95F1F0AB094F}.Debug|Any CPU.Build.0 = Debug|Any CPU
		{58B3369A-9755-45B9-A1A1-95F1F0AB094F}.Release|Any CPU.ActiveCfg = Release|Any CPU
		{58B3369A-9755-45B9-A1A1-95F1F0AB094F}.Release|Any CPU.Build.0 = Release|Any CPU
		{31916614-ED9D-41BC-A132-02849DAB71CC}.Debug|Any CPU.ActiveCfg = Debug|Any CPU
		{31916614-ED9D-41BC-A132-02849DAB71CC}.Debug|Any CPU.Build.0 = Debug|Any CPU
		{31916614-ED9D-41BC-A132-02849DAB71CC}.Release|Any CPU.ActiveCfg = Release|Any CPU
		{31916614-ED9D-41BC-A132-02849DAB71CC}.Release|Any CPU.Build.0 = Release|Any CPU
		{1469C69D-C15D-486E-8A64-7BE27FC2A891}.Debug|Any CPU.ActiveCfg = Debug|Any CPU
		{1469C69D-C15D-486E-8A64-7BE27FC2A891}.Debug|Any CPU.Build.0 = Debug|Any CPU
		{1469C69D-C15D-486E-8A64-7BE27FC2A891}.Release|Any CPU.ActiveCfg = Release|Any CPU
		{1469C69D-C15D-486E-8A64-7BE27FC2A891}.Release|Any CPU.Build.0 = Release|Any CPU
		{5D935BD7-D1FA-4A41-86FF-0A97CB55B308}.Debug|Any CPU.ActiveCfg = Debug|Any CPU
		{5D935BD7-D1FA-4A41-86FF-0A97CB55B308}.Debug|Any CPU.Build.0 = Debug|Any CPU
		{5D935BD7-D1FA-4A41-86FF-0A97CB55B308}.Release|Any CPU.ActiveCfg = Release|Any CPU
		{5D935BD7-D1FA-4A41-86FF-0A97CB55B308}.Release|Any CPU.Build.0 = Release|Any CPU
	EndGlobalSection
	GlobalSection(SolutionProperties) = preSolution
		HideSolutionNode = FALSE
	EndGlobalSection
	GlobalSection(ExtensibilityGlobals) = postSolution
		SolutionGuid = {71CE3ADA-5E0F-4F9A-8535-916411AA3E20}
	EndGlobalSection
EndGlobal
