
Microsoft Visual Studio Solution File, Format Version 12.00
# Visual Studio Version 17
VisualStudioVersion = 17.4.33110.190
MinimumVisualStudioVersion = 10.0.40219.1
Project("{9A19103F-16F7-4668-BE54-9A1E7A4F7556}") = "CPU8086", "CPU8086\CPU8086.csproj", "{73037A49-6E8B-4ED9-931F-68B4F79B04AB}"
EndProject
Project("{FAE04EC0-301F-11D3-BF4B-00C04F79EFBC}") = "CPU8086Simulator", "CPU8086Simulator\CPU8086Simulator.csproj", "{58B3369A-9755-45B9-A1A1-95F1F0AB094F}"
EndProject
Project("{FAE04EC0-301F-11D3-BF4B-00C04F79EFBC}") = "CPU8086Tests", "CPU8086Tests\CPU8086Tests.csproj", "{31916614-ED9D-41BC-A132-02849DAB71CC}"
EndProject
Global
	GlobalSection(SolutionConfigurationPlatforms) = preSolution
		Debug|Any CPU = Debug|Any CPU
		Release|Any CPU = Release|Any CPU
	EndGlobalSection
	GlobalSection(ProjectConfigurationPlatforms) = postSolution
		{73037A49-6E8B-4ED9-931F-68B4F79B04AB}.Debug|Any CPU.ActiveCfg = Debug|Any CPU
		{73037A49-6E8B-4ED9-931F-68B4F79B04AB}.Debug|Any CPU.Build.0 = Debug|Any CPU
		{73037A49-6E8B-4ED9-931F-68B4F79B04AB}.Release|Any CPU.ActiveCfg = Release|Any CPU
		{73037A49-6E8B-4ED9-931F-68B4F79B04AB}.Release|Any CPU.Build.0 = Release|Any CPU
		{58B3369A-9755-45B9-A1A1-95F1F0AB094F}.Debug|Any CPU.ActiveCfg = Debug|Any CPU
		{58B3369A-9755-45B9-A1A1-95F1F0AB094F}.Debug|Any CPU.Build.0 = Debug|Any CPU
		{58B3369A-9755-45B9-A1A1-95F1F0AB094F}.Release|Any CPU.ActiveCfg = Release|Any CPU
		{58B3369A-9755-45B9-A1A1-95F1F0AB094F}.Release|Any CPU.Build.0 = Release|Any CPU
		{31916614-ED9D-41BC-A132-02849DAB71CC}.Debug|Any CPU.ActiveCfg = Debug|Any CPU
		{31916614-ED9D-41BC-A132-02849DAB71CC}.Debug|Any CPU.Build.0 = Debug|Any CPU
		{31916614-ED9D-41BC-A132-02849DAB71CC}.Release|Any CPU.ActiveCfg = Release|Any CPU
		{31916614-ED9D-41BC-A132-02849DAB71CC}.Release|Any CPU.Build.0 = Release|Any CPU
	EndGlobalSection
	GlobalSection(SolutionProperties) = preSolution
		HideSolutionNode = FALSE
	EndGlobalSection
	GlobalSection(ExtensibilityGlobals) = postSolution
		SolutionGuid = {71CE3ADA-5E0F-4F9A-8535-916411AA3E20}
	EndGlobalSection
EndGlobal
